
Microsoft Visual Studio Solution File, Format Version 12.00
# Visual Studio 14
VisualStudioVersion = 14.0.25420.1
MinimumVisualStudioVersion = 10.0.40219.1
Project("{FAE04EC0-301F-11D3-BF4B-00C04F79EFBC}") = "DemoRevApp", "DemoRevApp\DemoRevApp.csproj", "{21F83DBC-BC8D-402B-AAD5-D5E77375E1E0}"
EndProject
Project("{FAE04EC0-301F-11D3-BF4B-00C04F79EFBC}") = "DemoUniversity1", "DemoUniversity1\DemoUniversity1.csproj", "{DD82DA60-25D1-424C-B1E5-583F5FA22868}"
EndProject
Global
	GlobalSection(SolutionConfigurationPlatforms) = preSolution
		Debug|Any CPU = Debug|Any CPU
		Release|Any CPU = Release|Any CPU
	EndGlobalSection
	GlobalSection(ProjectConfigurationPlatforms) = postSolution
		{21F83DBC-BC8D-402B-AAD5-D5E77375E1E0}.Debug|Any CPU.ActiveCfg = Debug|Any CPU
		{21F83DBC-BC8D-402B-AAD5-D5E77375E1E0}.Debug|Any CPU.Build.0 = Debug|Any CPU
		{21F83DBC-BC8D-402B-AAD5-D5E77375E1E0}.Release|Any CPU.ActiveCfg = Release|Any CPU
		{21F83DBC-BC8D-402B-AAD5-D5E77375E1E0}.Release|Any CPU.Build.0 = Release|Any CPU
		{DD82DA60-25D1-424C-B1E5-583F5FA22868}.Debug|Any CPU.ActiveCfg = Debug|Any CPU
		{DD82DA60-25D1-424C-B1E5-583F5FA22868}.Debug|Any CPU.Build.0 = Debug|Any CPU
		{DD82DA60-25D1-424C-B1E5-583F5FA22868}.Release|Any CPU.ActiveCfg = Release|Any CPU
		{DD82DA60-25D1-424C-B1E5-583F5FA22868}.Release|Any CPU.Build.0 = Release|Any CPU
	EndGlobalSection
	GlobalSection(SolutionProperties) = preSolution
		HideSolutionNode = FALSE
	EndGlobalSection
EndGlobal
